
Microsoft Visual Studio Solution File, Format Version 12.00
# Visual Studio Version 17
VisualStudioVersion = 17.4.33213.308
MinimumVisualStudioVersion = 10.0.40219.1
Project("{9A19103F-16F7-4668-BE54-9A1E7A4F7556}") = "exercicio04", "exercicio04.csproj", "{AF9CB42F-C5C2-460F-B6F0-6370469B6B26}"
EndProject
Global
	GlobalSection(SolutionConfigurationPlatforms) = preSolution
		Debug|Any CPU = Debug|Any CPU
		Release|Any CPU = Release|Any CPU
	EndGlobalSection
	GlobalSection(ProjectConfigurationPlatforms) = postSolution
		{AF9CB42F-C5C2-460F-B6F0-6370469B6B26}.Debug|Any CPU.ActiveCfg = Debug|Any CPU
		{AF9CB42F-C5C2-460F-B6F0-6370469B6B26}.Debug|Any CPU.Build.0 = Debug|Any CPU
		{AF9CB42F-C5C2-460F-B6F0-6370469B6B26}.Release|Any CPU.ActiveCfg = Release|Any CPU
		{AF9CB42F-C5C2-460F-B6F0-6370469B6B26}.Release|Any CPU.Build.0 = Release|Any CPU
	EndGlobalSection
	GlobalSection(SolutionProperties) = preSolution
		HideSolutionNode = FALSE
	EndGlobalSection
	GlobalSection(ExtensibilityGlobals) = postSolution
		SolutionGuid = {61EC1738-36D6-458F-8A39-F2A84B0BA385}
	EndGlobalSection
EndGlobal
