
Microsoft Visual Studio Solution File, Format Version 12.00
# Visual Studio Version 17
VisualStudioVersion = 17.4.33213.308
MinimumVisualStudioVersion = 10.0.40219.1
Project("{9A19103F-16F7-4668-BE54-9A1E7A4F7556}") = "exercicio09", "exercicio09.csproj", "{1FD591A3-CD9D-4633-9761-C626C87C5D7C}"
EndProject
Global
	GlobalSection(SolutionConfigurationPlatforms) = preSolution
		Debug|Any CPU = Debug|Any CPU
		Release|Any CPU = Release|Any CPU
	EndGlobalSection
	GlobalSection(ProjectConfigurationPlatforms) = postSolution
		{1FD591A3-CD9D-4633-9761-C626C87C5D7C}.Debug|Any CPU.ActiveCfg = Debug|Any CPU
		{1FD591A3-CD9D-4633-9761-C626C87C5D7C}.Debug|Any CPU.Build.0 = Debug|Any CPU
		{1FD591A3-CD9D-4633-9761-C626C87C5D7C}.Release|Any CPU.ActiveCfg = Release|Any CPU
		{1FD591A3-CD9D-4633-9761-C626C87C5D7C}.Release|Any CPU.Build.0 = Release|Any CPU
	EndGlobalSection
	GlobalSection(SolutionProperties) = preSolution
		HideSolutionNode = FALSE
	EndGlobalSection
	GlobalSection(ExtensibilityGlobals) = postSolution
		SolutionGuid = {D50F6486-6164-4C70-952B-249FF924E07F}
	EndGlobalSection
EndGlobal
