
Microsoft Visual Studio Solution File, Format Version 12.00
# Visual Studio Version 17
VisualStudioVersion = 17.4.33213.308
MinimumVisualStudioVersion = 10.0.40219.1
Project("{FAE04EC0-301F-11D3-BF4B-00C04F79EFBC}") = "exercicio06", "exercicio06.csproj", "{21FF2DF0-9267-4A5F-B47E-6095029058EC}"
EndProject
Global
	GlobalSection(SolutionConfigurationPlatforms) = preSolution
		Debug|Any CPU = Debug|Any CPU
		Release|Any CPU = Release|Any CPU
	EndGlobalSection
	GlobalSection(ProjectConfigurationPlatforms) = postSolution
		{21FF2DF0-9267-4A5F-B47E-6095029058EC}.Debug|Any CPU.ActiveCfg = Debug|Any CPU
		{21FF2DF0-9267-4A5F-B47E-6095029058EC}.Debug|Any CPU.Build.0 = Debug|Any CPU
		{21FF2DF0-9267-4A5F-B47E-6095029058EC}.Release|Any CPU.ActiveCfg = Release|Any CPU
		{21FF2DF0-9267-4A5F-B47E-6095029058EC}.Release|Any CPU.Build.0 = Release|Any CPU
	EndGlobalSection
	GlobalSection(SolutionProperties) = preSolution
		HideSolutionNode = FALSE
	EndGlobalSection
	GlobalSection(ExtensibilityGlobals) = postSolution
		SolutionGuid = {C2417371-D0FF-4DCB-B54B-9748E67BC9A2}
	EndGlobalSection
EndGlobal
