
Microsoft Visual Studio Solution File, Format Version 12.00
# Visual Studio Version 17
VisualStudioVersion = 17.4.33213.308
MinimumVisualStudioVersion = 10.0.40219.1
Project("{FAE04EC0-301F-11D3-BF4B-00C04F79EFBC}") = "pareAqui", "pareAqui.csproj", "{A7F4D325-ABC1-49C5-AA3B-2B5B0AFE159C}"
EndProject
Global
	GlobalSection(SolutionConfigurationPlatforms) = preSolution
		Debug|Any CPU = Debug|Any CPU
		Release|Any CPU = Release|Any CPU
	EndGlobalSection
	GlobalSection(ProjectConfigurationPlatforms) = postSolution
		{A7F4D325-ABC1-49C5-AA3B-2B5B0AFE159C}.Debug|Any CPU.ActiveCfg = Debug|Any CPU
		{A7F4D325-ABC1-49C5-AA3B-2B5B0AFE159C}.Debug|Any CPU.Build.0 = Debug|Any CPU
		{A7F4D325-ABC1-49C5-AA3B-2B5B0AFE159C}.Release|Any CPU.ActiveCfg = Release|Any CPU
		{A7F4D325-ABC1-49C5-AA3B-2B5B0AFE159C}.Release|Any CPU.Build.0 = Release|Any CPU
	EndGlobalSection
	GlobalSection(SolutionProperties) = preSolution
		HideSolutionNode = FALSE
	EndGlobalSection
	GlobalSection(ExtensibilityGlobals) = postSolution
		SolutionGuid = {C543E374-4BA5-460A-9111-2BE78C137E42}
	EndGlobalSection
EndGlobal
