
Microsoft Visual Studio Solution File, Format Version 12.00
# Visual Studio Version 17
VisualStudioVersion = 17.4.33213.308
MinimumVisualStudioVersion = 10.0.40219.1
Project("{FAE04EC0-301F-11D3-BF4B-00C04F79EFBC}") = "exercicio01", "exercicio01.csproj", "{CEEA1F03-6FE7-4542-A288-9DE884753CB5}"
EndProject
Global
	GlobalSection(SolutionConfigurationPlatforms) = preSolution
		Debug|Any CPU = Debug|Any CPU
		Release|Any CPU = Release|Any CPU
	EndGlobalSection
	GlobalSection(ProjectConfigurationPlatforms) = postSolution
		{CEEA1F03-6FE7-4542-A288-9DE884753CB5}.Debug|Any CPU.ActiveCfg = Debug|Any CPU
		{CEEA1F03-6FE7-4542-A288-9DE884753CB5}.Debug|Any CPU.Build.0 = Debug|Any CPU
		{CEEA1F03-6FE7-4542-A288-9DE884753CB5}.Release|Any CPU.ActiveCfg = Release|Any CPU
		{CEEA1F03-6FE7-4542-A288-9DE884753CB5}.Release|Any CPU.Build.0 = Release|Any CPU
	EndGlobalSection
	GlobalSection(SolutionProperties) = preSolution
		HideSolutionNode = FALSE
	EndGlobalSection
	GlobalSection(ExtensibilityGlobals) = postSolution
		SolutionGuid = {05A1876E-B850-4A2A-9E8C-7ADBF30C0AE4}
	EndGlobalSection
EndGlobal
